
Microsoft Visual Studio Solution File, Format Version 12.00
# Visual Studio Version 17
VisualStudioVersion = 17.12.35527.113
MinimumVisualStudioVersion = 10.0.40219.1
Project("{FAE04EC0-301F-11D3-BF4B-00C04F79EFBC}") = "MarketProject.WebMvc", "MarketProject.WebMvc\MarketProject.WebMvc.csproj", "{1215E154-8508-4E15-A851-45734B2D9C01}"
EndProject
Project("{FAE04EC0-301F-11D3-BF4B-00C04F79EFBC}") = "MarketProject.Models", "MarketProject.Models\MarketProject.Models.csproj", "{FCB88664-8600-4C10-A34E-6ED471D57962}"
EndProject
Project("{FAE04EC0-301F-11D3-BF4B-00C04F79EFBC}") = "MarketProject.Repository", "MarketProject.Repository\MarketProject.Repository.csproj", "{5EB2228A-C509-4E8B-BA39-AFC12187204D}"
EndProject
Project("{FAE04EC0-301F-11D3-BF4B-00C04F79EFBC}") = "MarketProject.Service", "MarketProject.Service\MarketProject.Service.csproj", "{79C6F386-498A-45F0-98B7-21B75410C849}"
EndProject
Project("{FAE04EC0-301F-11D3-BF4B-00C04F79EFBC}") = "Core", "Core\Core.csproj", "{DCF042D1-F904-4AA8-BCA3-7E414F7684B9}"
EndProject
Global
	GlobalSection(SolutionConfigurationPlatforms) = preSolution
		Debug|Any CPU = Debug|Any CPU
		Release|Any CPU = Release|Any CPU
	EndGlobalSection
	GlobalSection(ProjectConfigurationPlatforms) = postSolution
		{1215E154-8508-4E15-A851-45734B2D9C01}.Debug|Any CPU.ActiveCfg = Debug|Any CPU
		{1215E154-8508-4E15-A851-45734B2D9C01}.Debug|Any CPU.Build.0 = Debug|Any CPU
		{1215E154-8508-4E15-A851-45734B2D9C01}.Release|Any CPU.ActiveCfg = Release|Any CPU
		{1215E154-8508-4E15-A851-45734B2D9C01}.Release|Any CPU.Build.0 = Release|Any CPU
		{FCB88664-8600-4C10-A34E-6ED471D57962}.Debug|Any CPU.ActiveCfg = Debug|Any CPU
		{FCB88664-8600-4C10-A34E-6ED471D57962}.Debug|Any CPU.Build.0 = Debug|Any CPU
		{FCB88664-8600-4C10-A34E-6ED471D57962}.Release|Any CPU.ActiveCfg = Release|Any CPU
		{FCB88664-8600-4C10-A34E-6ED471D57962}.Release|Any CPU.Build.0 = Release|Any CPU
		{5EB2228A-C509-4E8B-BA39-AFC12187204D}.Debug|Any CPU.ActiveCfg = Debug|Any CPU
		{5EB2228A-C509-4E8B-BA39-AFC12187204D}.Debug|Any CPU.Build.0 = Debug|Any CPU
		{5EB2228A-C509-4E8B-BA39-AFC12187204D}.Release|Any CPU.ActiveCfg = Release|Any CPU
		{5EB2228A-C509-4E8B-BA39-AFC12187204D}.Release|Any CPU.Build.0 = Release|Any CPU
		{79C6F386-498A-45F0-98B7-21B75410C849}.Debug|Any CPU.ActiveCfg = Debug|Any CPU
		{79C6F386-498A-45F0-98B7-21B75410C849}.Debug|Any CPU.Build.0 = Debug|Any CPU
		{79C6F386-498A-45F0-98B7-21B75410C849}.Release|Any CPU.ActiveCfg = Release|Any CPU
		{79C6F386-498A-45F0-98B7-21B75410C849}.Release|Any CPU.Build.0 = Release|Any CPU
		{DCF042D1-F904-4AA8-BCA3-7E414F7684B9}.Debug|Any CPU.ActiveCfg = Debug|Any CPU
		{DCF042D1-F904-4AA8-BCA3-7E414F7684B9}.Debug|Any CPU.Build.0 = Debug|Any CPU
		{DCF042D1-F904-4AA8-BCA3-7E414F7684B9}.Release|Any CPU.ActiveCfg = Release|Any CPU
		{DCF042D1-F904-4AA8-BCA3-7E414F7684B9}.Release|Any CPU.Build.0 = Release|Any CPU
	EndGlobalSection
	GlobalSection(SolutionProperties) = preSolution
		HideSolutionNode = FALSE
	EndGlobalSection
EndGlobal
